// !$*UTF8*$!
{
	archiveVersion = 1;
	classes = {
	};
	objectVersion = 46;
	objects = {

/* Begin PBXBuildFile section */
		EEE705541E34666D00612CCB /* AppDelegate.swift in Sources */ = {isa = PBXBuildFile; fileRef = EEE705531E34666D00612CCB /* AppDelegate.swift */; };
		EEE705561E34666D00612CCB /* ViewController.swift in Sources */ = {isa = PBXBuildFile; fileRef = EEE705551E34666D00612CCB /* ViewController.swift */; };
		EEE705591E34666D00612CCB /* Main.storyboard in Resources */ = {isa = PBXBuildFile; fileRef = EEE705571E34666D00612CCB /* Main.storyboard */; };
		EEE7055B1E34666D00612CCB /* Assets.xcassets in Resources */ = {isa = PBXBuildFile; fileRef = EEE7055A1E34666D00612CCB /* Assets.xcassets */; };
		EEE7055E1E34666D00612CCB /* LaunchScreen.storyboard in Resources */ = {isa = PBXBuildFile; fileRef = EEE7055C1E34666D00612CCB /* LaunchScreen.storyboard */; };
		EEE705691E34666D00612CCB /* RetroCalculatorTests.swift in Sources */ = {isa = PBXBuildFile; fileRef = EEE705681E34666D00612CCB /* RetroCalculatorTests.swift */; };
/* End PBXBuildFile section */

/* Begin PBXContainerItemProxy section */
		EEE705651E34666D00612CCB /* PBXContainerItemProxy */ = {
			isa = PBXContainerItemProxy;
			containerPortal = EEE705481E34666D00612CCB /* Project object */;
			proxyType = 1;
			remoteGlobalIDString = EEE7054F1E34666D00612CCB;
			remoteInfo = RetroCalculator;
		};
/* End PBXContainerItemProxy section */

/* Begin PBXFileReference section */
		EEE705501E34666D00612CCB /* RetroCalculator.app */ = {isa = PBXFileReference; explicitFileType = wrapper.application; includeInIndex = 0; path = RetroCalculator.app; sourceTree = BUILT_PRODUCTS_DIR; };
		EEE705531E34666D00612CCB /* AppDelegate.swift */ = {isa = PBXFileReference; lastKnownFileType = sourcecode.swift; path = AppDelegate.swift; sourceTree = "<group>"; };
		EEE705551E34666D00612CCB /* ViewController.swift */ = {isa = PBXFileReference; lastKnownFileType = sourcecode.swift; path = ViewController.swift; sourceTree = "<group>"; };
		EEE705581E34666D00612CCB /* Base */ = {isa = PBXFileReference; lastKnownFileType = file.storyboard; name = Base; path = Base.lproj/Main.storyboard; sourceTree = "<group>"; };
		EEE7055A1E34666D00612CCB /* Assets.xcassets */ = {isa = PBXFileReference; lastKnownFileType = folder.assetcatalog; path = Assets.xcassets; sourceTree = "<group>"; };
		EEE7055D1E34666D00612CCB /* Base */ = {isa = PBXFileReference; lastKnownFileType = file.storyboard; name = Base; path = Base.lproj/LaunchScreen.storyboard; sourceTree = "<group>"; };
		EEE7055F1E34666D00612CCB /* Info.plist */ = {isa = PBXFileReference; lastKnownFileType = text.plist.xml; path = Info.plist; sourceTree = "<group>"; };
		EEE705641E34666D00612CCB /* RetroCalculatorTests.xctest */ = {isa = PBXFileReference; explicitFileType = wrapper.cfbundle; includeInIndex = 0; path = RetroCalculatorTests.xctest; sourceTree = BUILT_PRODUCTS_DIR; };
		EEE705681E34666D00612CCB /* RetroCalculatorTests.swift */ = {isa = PBXFileReference; lastKnownFileType = sourcecode.swift; path = RetroCalculatorTests.swift; sourceTree = "<group>"; };
		EEE7056A1E34666D00612CCB /* Info.plist */ = {isa = PBXFileReference; lastKnownFileType = text.plist.xml; path = Info.plist; sourceTree = "<group>"; };
/* End PBXFileReference section */

/* Begin PBXFrameworksBuildPhase section */
		EEE7054D1E34666D00612CCB /* Frameworks */ = {
			isa = PBXFrameworksBuildPhase;
			buildActionMask = 2147483647;
			files = (
			);
			runOnlyForDeploymentPostprocessing = 0;
		};
		EEE705611E34666D00612CCB /* Frameworks */ = {
			isa = PBXFrameworksBuildPhase;
			buildActionMask = 2147483647;
			files = (
			);
			runOnlyForDeploymentPostprocessing = 0;
		};
/* End PBXFrameworksBuildPhase section */

/* Begin PBXGroup section */
		EEE705471E34666D00612CCB = {
			isa = PBXGroup;
			children = (
				EEE705521E34666D00612CCB /* RetroCalculator */,
				EEE705671E34666D00612CCB /* RetroCalculatorTests */,
				EEE705511E34666D00612CCB /* Products */,
			);
			sourceTree = "<group>";
		};
		EEE705511E34666D00612CCB /* Products */ = {
			isa = PBXGroup;
			children = (
				EEE705501E34666D00612CCB /* RetroCalculator.app */,
				EEE705641E34666D00612CCB /* RetroCalculatorTests.xctest */,
			);
			name = Products;
			sourceTree = "<group>";
		};
		EEE705521E34666D00612CCB /* RetroCalculator */ = {
			isa = PBXGroup;
			children = (
				EEE705531E34666D00612CCB /* AppDelegate.swift */,
				EEE705551E34666D00612CCB /* ViewController.swift */,
				EEE705571E34666D00612CCB /* Main.storyboard */,
				EEE7055A1E34666D00612CCB /* Assets.xcassets */,
				EEE7055C1E34666D00612CCB /* LaunchScreen.storyboard */,
				EEE7055F1E34666D00612CCB /* Info.plist */,
			);
			path = RetroCalculator;
			sourceTree = "<group>";
		};
		EEE705671E34666D00612CCB /* RetroCalculatorTests */ = {
			isa = PBXGroup;
			children = (
				EEE705681E34666D00612CCB /* RetroCalculatorTests.swift */,
				EEE7056A1E34666D00612CCB /* Info.plist */,
			);
			path = RetroCalculatorTests;
			sourceTree = "<group>";
		};
/* End PBXGroup section */

/* Begin PBXNativeTarget section */
		EEE7054F1E34666D00612CCB /* RetroCalculator */ = {
			isa = PBXNativeTarget;
			buildConfigurationList = EEE7056D1E34666D00612CCB /* Build configuration list for PBXNativeTarget "RetroCalculator" */;
			buildPhases = (
				EEE7054C1E34666D00612CCB /* Sources */,
				EEE7054D1E34666D00612CCB /* Frameworks */,
				EEE7054E1E34666D00612CCB /* Resources */,
			);
			buildRules = (
			);
			dependencies = (
			);
			name = RetroCalculator;
			productName = RetroCalculator;
			productReference = EEE705501E34666D00612CCB /* RetroCalculator.app */;
			productType = "com.apple.product-type.application";
		};
		EEE705631E34666D00612CCB /* RetroCalculatorTests */ = {
			isa = PBXNativeTarget;
			buildConfigurationList = EEE705701E34666D00612CCB /* Build configuration list for PBXNativeTarget "RetroCalculatorTests" */;
			buildPhases = (
				EEE705601E34666D00612CCB /* Sources */,
				EEE705611E34666D00612CCB /* Frameworks */,
				EEE705621E34666D00612CCB /* Resources */,
			);
			buildRules = (
			);
			dependencies = (
				EEE705661E34666D00612CCB /* PBXTargetDependency */,
			);
			name = RetroCalculatorTests;
			productName = RetroCalculatorTests;
			productReference = EEE705641E34666D00612CCB /* RetroCalculatorTests.xctest */;
			productType = "com.apple.product-type.bundle.unit-test";
		};
/* End PBXNativeTarget section */

/* Begin PBXProject section */
		EEE705481E34666D00612CCB /* Project object */ = {
			isa = PBXProject;
			attributes = {
				LastSwiftUpdateCheck = 0820;
				LastUpgradeCheck = 0820;
				ORGANIZATIONNAME = "Artis Coleman";
				TargetAttributes = {
					EEE7054F1E34666D00612CCB = {
						CreatedOnToolsVersion = 8.2.1;
						DevelopmentTeam = 4P4B9993RL;
						ProvisioningStyle = Automatic;
					};
					EEE705631E34666D00612CCB = {
						CreatedOnToolsVersion = 8.2.1;
						DevelopmentTeam = 4P4B9993RL;
						ProvisioningStyle = Automatic;
						TestTargetID = EEE7054F1E34666D00612CCB;
					};
				};
			};
			buildConfigurationList = EEE7054B1E34666D00612CCB /* Build configuration list for PBXProject "RetroCalculator" */;
			compatibilityVersion = "Xcode 3.2";
			developmentRegion = English;
			hasScannedForEncodings = 0;
			knownRegions = (
				en,
				Base,
			);
			mainGroup = EEE705471E34666D00612CCB;
			productRefGroup = EEE705511E34666D00612CCB /* Products */;
			projectDirPath = "";
			projectRoot = "";
			targets = (
				EEE7054F1E34666D00612CCB /* RetroCalculator */,
				EEE705631E34666D00612CCB /* RetroCalculatorTests */,
			);
		};
/* End PBXProject section */

/* Begin PBXResourcesBuildPhase section */
		EEE7054E1E34666D00612CCB /* Resources */ = {
			isa = PBXResourcesBuildPhase;
			buildActionMask = 2147483647;
			files = (
				EEE7055E1E34666D00612CCB /* LaunchScreen.storyboard in Resources */,
				EEE7055B1E34666D00612CCB /* Assets.xcassets in Resources */,
				EEE705591E34666D00612CCB /* Main.storyboard in Resources */,
			);
			runOnlyForDeploymentPostprocessing = 0;
		};
		EEE705621E34666D00612CCB /* Resources */ = {
			isa = PBXResourcesBuildPhase;
			buildActionMask = 2147483647;
			files = (
			);
			runOnlyForDeploymentPostprocessing = 0;
		};
/* End PBXResourcesBuildPhase section */

/* Begin PBXSourcesBuildPhase section */
		EEE7054C1E34666D00612CCB /* Sources */ = {
			isa = PBXSourcesBuildPhase;
			buildActionMask = 2147483647;
			files = (
				EEE705561E34666D00612CCB /* ViewController.swift in Sources */,
				EEE705541E34666D00612CCB /* AppDelegate.swift in Sources */,
			);
			runOnlyForDeploymentPostprocessing = 0;
		};
		EEE705601E34666D00612CCB /* Sources */ = {
			isa = PBXSourcesBuildPhase;
			buildActionMask = 2147483647;
			files = (
				EEE705691E34666D00612CCB /* RetroCalculatorTests.swift in Sources */,
			);
			runOnlyForDeploymentPostprocessing = 0;
		};
/* End PBXSourcesBuildPhase section */

/* Begin PBXTargetDependency section */
		EEE705661E34666D00612CCB /* PBXTargetDependency */ = {
			isa = PBXTargetDependency;
			target = EEE7054F1E34666D00612CCB /* RetroCalculator */;
			targetProxy = EEE705651E34666D00612CCB /* PBXContainerItemProxy */;
		};
/* End PBXTargetDependency section */

/* Begin PBXVariantGroup section */
		EEE705571E34666D00612CCB /* Main.storyboard */ = {
			isa = PBXVariantGroup;
			children = (
				EEE705581E34666D00612CCB /* Base */,
			);
			name = Main.storyboard;
			sourceTree = "<group>";
		};
		EEE7055C1E34666D00612CCB /* LaunchScreen.storyboard */ = {
			isa = PBXVariantGroup;
			children = (
				EEE7055D1E34666D00612CCB /* Base */,
			);
			name = LaunchScreen.storyboard;
			sourceTree = "<group>";
		};
/* End PBXVariantGroup section */

/* Begin XCBuildConfiguration section */
		EEE7056B1E34666D00612CCB /* Debug */ = {
			isa = XCBuildConfiguration;
			buildSettings = {
				ALWAYS_SEARCH_USER_PATHS = NO;
				CLANG_ANALYZER_NONNULL = YES;
				CLANG_CXX_LANGUAGE_STANDARD = "gnu++0x";
				CLANG_CXX_LIBRARY = "libc++";
				CLANG_ENABLE_MODULES = YES;
				CLANG_ENABLE_OBJC_ARC = YES;
				CLANG_WARN_BOOL_CONVERSION = YES;
				CLANG_WARN_CONSTANT_CONVERSION = YES;
				CLANG_WARN_DIRECT_OBJC_ISA_USAGE = YES_ERROR;
				CLANG_WARN_DOCUMENTATION_COMMENTS = YES;
				CLANG_WARN_EMPTY_BODY = YES;
				CLANG_WARN_ENUM_CONVERSION = YES;
				CLANG_WARN_INFINITE_RECURSION = YES;
				CLANG_WARN_INT_CONVERSION = YES;
				CLANG_WARN_OBJC_ROOT_CLASS = YES_ERROR;
				CLANG_WARN_SUSPICIOUS_MOVE = YES;
				CLANG_WARN_UNREACHABLE_CODE = YES;
				CLANG_WARN__DUPLICATE_METHOD_MATCH = YES;
				"CODE_SIGN_IDENTITY[sdk=iphoneos*]" = "iPhone Developer";
				COPY_PHASE_STRIP = NO;
				DEBUG_INFORMATION_FORMAT = dwarf;
				ENABLE_STRICT_OBJC_MSGSEND = YES;
				ENABLE_TESTABILITY = YES;
				GCC_C_LANGUAGE_STANDARD = gnu99;
				GCC_DYNAMIC_NO_PIC = NO;
				GCC_NO_COMMON_BLOCKS = YES;
				GCC_OPTIMIZATION_LEVEL = 0;
				GCC_PREPROCESSOR_DEFINITIONS = (
					"DEBUG=1",
					"$(inherited)",
				);
				GCC_WARN_64_TO_32_BIT_CONVERSION = YES;
				GCC_WARN_ABOUT_RETURN_TYPE = YES_ERROR;
				GCC_WARN_UNDECLARED_SELECTOR = YES;
				GCC_WARN_UNINITIALIZED_AUTOS = YES_AGGRESSIVE;
				GCC_WARN_UNUSED_FUNCTION = YES;
				GCC_WARN_UNUSED_VARIABLE = YES;
				IPHONEOS_DEPLOYMENT_TARGET = 10.2;
				MTL_ENABLE_DEBUG_INFO = YES;
				ONLY_ACTIVE_ARCH = YES;
				SDKROOT = iphoneos;
				SWIFT_ACTIVE_COMPILATION_CONDITIONS = DEBUG;
				SWIFT_OPTIMIZATION_LEVEL = "-Onone";
				TARGETED_DEVICE_FAMILY = "1,2";
			};
			name = Debug;
		};
		EEE7056C1E34666D00612CCB /* Release */ = {
			isa = XCBuildConfiguration;
			buildSettings = {
				ALWAYS_SEARCH_USER_PATHS = NO;
				CLANG_ANALYZER_NONNULL = YES;
				CLANG_CXX_LANGUAGE_STANDARD = "gnu++0x";
				CLANG_CXX_LIBRARY = "libc++";
				CLANG_ENABLE_MODULES = YES;
				CLANG_ENABLE_OBJC_ARC = YES;
				CLANG_WARN_BOOL_CONVERSION = YES;
				CLANG_WARN_CONSTANT_CONVERSION = YES;
				CLANG_WARN_DIRECT_OBJC_ISA_USAGE = YES_ERROR;
				CLANG_WARN_DOCUMENTATION_COMMENTS = YES;
				CLANG_WARN_EMPTY_BODY = YES;
				CLANG_WARN_ENUM_CONVERSION = YES;
				CLANG_WARN_INFINITE_RECURSION = YES;
				CLANG_WARN_INT_CONVERSION = YES;
				CLANG_WARN_OBJC_ROOT_CLASS = YES_ERROR;
				CLANG_WARN_SUSPICIOUS_MOVE = YES;
				CLANG_WARN_UNREACHABLE_CODE = YES;
				CLANG_WARN__DUPLICATE_METHOD_MATCH = YES;
				"CODE_SIGN_IDENTITY[sdk=iphoneos*]" = "iPhone Developer";
				COPY_PHASE_STRIP = NO;
				DEBUG_INFORMATION_FORMAT = "dwarf-with-dsym";
				ENABLE_NS_ASSERTIONS = NO;
				ENABLE_STRICT_OBJC_MSGSEND = YES;
				GCC_C_LANGUAGE_STANDARD = gnu99;
				GCC_NO_COMMON_BLOCKS = YES;
				GCC_WARN_64_TO_32_BIT_CONVERSION = YES;
				GCC_WARN_ABOUT_RETURN_TYPE = YES_ERROR;
				GCC_WARN_UNDECLARED_SELECTOR = YES;
				GCC_WARN_UNINITIALIZED_AUTOS = YES_AGGRESSIVE;
				GCC_WARN_UNUSED_FUNCTION = YES;
				GCC_WARN_UNUSED_VARIABLE = YES;
				IPHONEOS_DEPLOYMENT_TARGET = 10.2;
				MTL_ENABLE_DEBUG_INFO = NO;
				SDKROOT = iphoneos;
				SWIFT_OPTIMIZATION_LEVEL = "-Owholemodule";
				TARGETED_DEVICE_FAMILY = "1,2";
				VALIDATE_PRODUCT = YES;
			};
			name = Release;
		};
		EEE7056E1E34666D00612CCB /* Debug */ = {
			isa = XCBuildConfiguration;
			buildSettings = {
				ASSETCATALOG_COMPILER_APPICON_NAME = AppIcon;
				DEVELOPMENT_TEAM = 4P4B9993RL;
				INFOPLIST_FILE = RetroCalculator/Info.plist;
				LD_RUNPATH_SEARCH_PATHS = "$(inherited) @executable_path/Frameworks";
				PRODUCT_BUNDLE_IDENTIFIER = com.personalProject.RetroCalculator;
				PRODUCT_NAME = "$(TARGET_NAME)";
				SWIFT_VERSION = 3.0;
			};
			name = Debug;
		};
		EEE7056F1E34666D00612CCB /* Release */ = {
			isa = XCBuildConfiguration;
			buildSettings = {
				ASSETCATALOG_COMPILER_APPICON_NAME = AppIcon;
				DEVELOPMENT_TEAM = 4P4B9993RL;
				INFOPLIST_FILE = RetroCalculator/Info.plist;
				LD_RUNPATH_SEARCH_PATHS = "$(inherited) @executable_path/Frameworks";
				PRODUCT_BUNDLE_IDENTIFIER = com.personalProject.RetroCalculator;
				PRODUCT_NAME = "$(TARGET_NAME)";
				SWIFT_VERSION = 3.0;
			};
			name = Release;
		};
		EEE705711E34666D00612CCB /* Debug */ = {
			isa = XCBuildConfiguration;
			buildSettings = {
				ALWAYS_EMBED_SWIFT_STANDARD_LIBRARIES = YES;
				BUNDLE_LOADER = "$(TEST_HOST)";
				DEVELOPMENT_TEAM = 4P4B9993RL;
				INFOPLIST_FILE = RetroCalculatorTests/Info.plist;
				LD_RUNPATH_SEARCH_PATHS = "$(inherited) @executable_path/Frameworks @loader_path/Frameworks";
				PRODUCT_BUNDLE_IDENTIFIER = com.personalProject.RetroCalculatorTests;
				PRODUCT_NAME = "$(TARGET_NAME)";
				SWIFT_VERSION = 3.0;
				TEST_HOST = "$(BUILT_PRODUCTS_DIR)/RetroCalculator.app/RetroCalculator";
			};
			name = Debug;
		};
		EEE705721E34666D00612CCB /* Release */ = {
			isa = XCBuildConfiguration;
			buildSettings = {
				ALWAYS_EMBED_SWIFT_STANDARD_LIBRARIES = YES;
				BUNDLE_LOADER = "$(TEST_HOST)";
				DEVELOPMENT_TEAM = 4P4B9993RL;
				INFOPLIST_FILE = RetroCalculatorTests/Info.plist;
				LD_RUNPATH_SEARCH_PATHS = "$(inherited) @executable_path/Frameworks @loader_path/Frameworks";
				PRODUCT_BUNDLE_IDENTIFIER = com.personalProject.RetroCalculatorTests;
				PRODUCT_NAME = "$(TARGET_NAME)";
				SWIFT_VERSION = 3.0;
				TEST_HOST = "$(BUILT_PRODUCTS_DIR)/RetroCalculator.app/RetroCalculator";
			};
			name = Release;
		};
/* End XCBuildConfiguration section */

/* Begin XCConfigurationList section */
		EEE7054B1E34666D00612CCB /* Build configuration list for PBXProject "RetroCalculator" */ = {
			isa = XCConfigurationList;
			buildConfigurations = (
				EEE7056B1E34666D00612CCB /* Debug */,
				EEE7056C1E34666D00612CCB /* Release */,
			);
			defaultConfigurationIsVisible = 0;
			defaultConfigurationName = Release;
		};
		EEE7056D1E34666D00612CCB /* Build configuration list for PBXNativeTarget "RetroCalculator" */ = {
			isa = XCConfigurationList;
			buildConfigurations = (
				EEE7056E1E34666D00612CCB /* Debug */,
				EEE7056F1E34666D00612CCB /* Release */,
			);
			defaultConfigurationIsVisible = 0;
		};
		EEE705701E34666D00612CCB /* Build configuration list for PBXNativeTarget "RetroCalculatorTests" */ = {
			isa = XCConfigurationList;
			buildConfigurations = (
				EEE705711E34666D00612CCB /* Debug */,
				EEE705721E34666D00612CCB /* Release */,
			);
			defaultConfigurationIsVisible = 0;
		};
/* End XCConfigurationList section */
	};
	rootObject = EEE705481E34666D00612CCB /* Project object */;
}
